
Microsoft Visual Studio Solution File, Format Version 12.00
# Visual Studio Version 16
VisualStudioVersion = 16.0.30309.148
MinimumVisualStudioVersion = 10.0.40219.1
Project("{8BC9CEB8-8B4A-11D0-8D11-00A0C91BC942}") = "Exercise_5_8", "Exercise_5_8.vcxproj", "{D6EB61EF-1CD1-4A5A-82A3-3D6A08EE6C0E}"
EndProject
Global
	GlobalSection(SolutionConfigurationPlatforms) = preSolution
		Debug|x64 = Debug|x64
		Debug|x86 = Debug|x86
		Release|x64 = Release|x64
		Release|x86 = Release|x86
	EndGlobalSection
	GlobalSection(ProjectConfigurationPlatforms) = postSolution
		{D6EB61EF-1CD1-4A5A-82A3-3D6A08EE6C0E}.Debug|x64.ActiveCfg = Debug|x64
		{D6EB61EF-1CD1-4A5A-82A3-3D6A08EE6C0E}.Debug|x64.Build.0 = Debug|x64
		{D6EB61EF-1CD1-4A5A-82A3-3D6A08EE6C0E}.Debug|x86.ActiveCfg = Debug|Win32
		{D6EB61EF-1CD1-4A5A-82A3-3D6A08EE6C0E}.Debug|x86.Build.0 = Debug|Win32
		{D6EB61EF-1CD1-4A5A-82A3-3D6A08EE6C0E}.Release|x64.ActiveCfg = Release|x64
		{D6EB61EF-1CD1-4A5A-82A3-3D6A08EE6C0E}.Release|x64.Build.0 = Release|x64
		{D6EB61EF-1CD1-4A5A-82A3-3D6A08EE6C0E}.Release|x86.ActiveCfg = Release|Win32
		{D6EB61EF-1CD1-4A5A-82A3-3D6A08EE6C0E}.Release|x86.Build.0 = Release|Win32
	EndGlobalSection
	GlobalSection(SolutionProperties) = preSolution
		HideSolutionNode = FALSE
	EndGlobalSection
	GlobalSection(ExtensibilityGlobals) = postSolution
		SolutionGuid = {FE0852FD-AA8F-4633-BE13-50600AEA5A17}
	EndGlobalSection
EndGlobal
